
Microsoft Visual Studio Solution File, Format Version 12.00
# Visual Studio Version 17
VisualStudioVersion = 17.11.35219.272
MinimumVisualStudioVersion = 10.0.40219.1
Project("{8BC9CEB8-8B4A-11D0-8D11-00A0C91BC942}") = "NickJohnson_CGT215_Lab01", "NickJohnson_CGT215_Lab01\NickJohnson_CGT215_Lab01.vcxproj", "{1B2FD67F-9EA6-4C77-BAF9-5D4BDCA6FA46}"
EndProject
Global
	GlobalSection(SolutionConfigurationPlatforms) = preSolution
		Debug|x64 = Debug|x64
		Debug|x86 = Debug|x86
		Release|x64 = Release|x64
		Release|x86 = Release|x86
	EndGlobalSection
	GlobalSection(ProjectConfigurationPlatforms) = postSolution
		{1B2FD67F-9EA6-4C77-BAF9-5D4BDCA6FA46}.Debug|x64.ActiveCfg = Debug|x64
		{1B2FD67F-9EA6-4C77-BAF9-5D4BDCA6FA46}.Debug|x64.Build.0 = Debug|x64
		{1B2FD67F-9EA6-4C77-BAF9-5D4BDCA6FA46}.Debug|x86.ActiveCfg = Debug|Win32
		{1B2FD67F-9EA6-4C77-BAF9-5D4BDCA6FA46}.Debug|x86.Build.0 = Debug|Win32
		{1B2FD67F-9EA6-4C77-BAF9-5D4BDCA6FA46}.Release|x64.ActiveCfg = Release|x64
		{1B2FD67F-9EA6-4C77-BAF9-5D4BDCA6FA46}.Release|x64.Build.0 = Release|x64
		{1B2FD67F-9EA6-4C77-BAF9-5D4BDCA6FA46}.Release|x86.ActiveCfg = Release|Win32
		{1B2FD67F-9EA6-4C77-BAF9-5D4BDCA6FA46}.Release|x86.Build.0 = Release|Win32
	EndGlobalSection
	GlobalSection(SolutionProperties) = preSolution
		HideSolutionNode = FALSE
	EndGlobalSection
	GlobalSection(ExtensibilityGlobals) = postSolution
		SolutionGuid = {1D6E3E25-F438-4AB5-B7B0-5C903B9FE960}
	EndGlobalSection
EndGlobal
